<?xml version="1.0" encoding="utf-8"?>
<Project ToolsVersion="4.0" xmlns="http://schemas.microsoft.com/developer/msbuild/2003">
  <ItemGroup>
    <Filter Include="Assets">
      <UniqueIdentifier>{aa2dff80-cc46-4aaa-9c9e-7784c2a0cdf0}</UniqueIdentifier>
    </Filter>
    <Filter Include="Assets\modelData">
      <UniqueIdentifier>{a27dfd5d-af93-4623-b084-aad00b7739c4}</UniqueIdentifier>
    </Filter>
    <Filter Include="Assets\level">
      <UniqueIdentifier>{bee79902-718a-475a-adaf-e43d37f127ad}</UniqueIdentifier>
    </Filter>
    <Filter Include="Enemy">
      <UniqueIdentifier>{d91908c3-fb60-478e-8a00-aa131df9e7e4}</UniqueIdentifier>
    </Filter>
    <Filter Include="Assets\sprite">
      <UniqueIdentifier>{91caa6bd-ab0f-48ea-9e82-77cbb994c908}</UniqueIdentifier>
    </Filter>
  </ItemGroup>
  <ItemGroup>
    <ClCompile Include="Player.cpp" />
    <ClCompile Include="main.cpp" />
    <ClCompile Include="stdafx.cpp" />
    <ClCompile Include="Gamecamera.cpp" />
    <ClCompile Include="GameBase\GameBase.cpp" />
    <ClCompile Include="Player_BulletManager.cpp" />
    <ClCompile Include="Enemy.cpp">
      <Filter>Enemy</Filter>
    </ClCompile>
    <ClCompile Include="EnemyManager.cpp">
      <Filter>Enemy</Filter>
    </ClCompile>
    <ClCompile Include="title.cpp" />
    <ClCompile Include="MainGame.cpp" />
    <ClCompile Include="gauge.cpp" />
    <ClCompile Include="Missile.cpp" />
    <ClCompile Include="Player_MissileManager.cpp" />
    <ClCompile Include="WalkEnemy.cpp" />
    <ClCompile Include="EnemyBulletManager.cpp" />
    <ClCompile Include="Stageselect.cpp" />
    <ClCompile Include="Stage_00.cpp" />
    <ClCompile Include="Stage_Base.cpp" />
    <ClCompile Include="Stage_01.cpp" />
    <ClCompile Include="Stage_02.cpp" />
    <ClCompile Include="Stage_03.cpp" />
    <ClCompile Include="EnemyBoss_Launcher.cpp" />
    <ClCompile Include="GroundingLauncher.cpp" />
    <ClCompile Include="FlyEnemy.cpp" />
  </ItemGroup>
  <ItemGroup>
    <ClInclude Include="Player.h" />
    <ClInclude Include="stdafx.h" />
    <ClInclude Include="Gamecamera.h" />
    <ClInclude Include="GameBase\GameBase.h" />
    <ClInclude Include="Player_BulletManager.h" />
    <ClInclude Include="Enemy.h">
      <Filter>Enemy</Filter>
    </ClInclude>
    <ClInclude Include="EnemyManager.h">
      <Filter>Enemy</Filter>
    </ClInclude>
    <ClInclude Include="title.h" />
    <ClInclude Include="MainGame.h" />
    <ClInclude Include="gauge.h" />
    <ClInclude Include="Missile.h" />
    <ClInclude Include="Player_MissileManager.h" />
    <ClInclude Include="WalkEnemy.h" />
    <ClInclude Include="EnemyBulletManager.h" />
    <ClInclude Include="Stageselect.h" />
    <ClInclude Include="Stage_00.h" />
    <ClInclude Include="Stage_Base.h" />
    <ClInclude Include="Stage_01.h" />
    <ClInclude Include="Stage_02.h" />
    <ClInclude Include="Stage_03.h" />
    <ClInclude Include="EnemyBoss_Launcher.h" />
    <ClInclude Include="GroundingLauncher.h" />
    <ClInclude Include="FlyEnemy.h" />
  </ItemGroup>
  <ItemGroup>
    <MeshContentTask Include="Assets\modelData\unityChan.fbx">
      <Filter>Assets\modelData</Filter>
    </MeshContentTask>
    <MeshContentTask Include="Assets\modelData\books.fbx">
      <Filter>Assets\modelData</Filter>
    </MeshContentTask>
    <MeshContentTask Include="Assets\modelData\books1.fbx">
      <Filter>Assets\modelData</Filter>
    </MeshContentTask>
    <MeshContentTask Include="Assets\modelData\konkuri.rando.fbx">
      <Filter>Assets\modelData</Filter>
    </MeshContentTask>
    <MeshContentTask Include="Assets\modelData\bullet.FBX">
      <Filter>Assets\modelData</Filter>
    </MeshContentTask>
    <MeshContentTask Include="Assets\modelData\road_curve90.FBX" />
    <MeshContentTask Include="Assets\modelData\road_short.FBX" />
    <MeshContentTask Include="Assets\modelData\road_slope01.FBX" />
    <MeshContentTask Include="Assets\modelData\road_slope02.FBX" />
    <MeshContentTask Include="Assets\modelData\road.FBX" />
    <MeshContentTask Include="Assets\modelData\level_proto.fbx" />
    <MeshContentTask Include="Assets\modelData\stage_base01.FBX" />
    <MeshContentTask Include="Assets\modelData\Player_Robo.FBX" />
    <MeshContentTask Include="Assets\modelData\road_slope03.FBX" />
    <MeshContentTask Include="Assets\modelData\road_zyuzi.FBX" />
    <MeshContentTask Include="Assets\modelData\wall.FBX" />
    <MeshContentTask Include="Assets\modelData\Plaza.FBX" />
    <MeshContentTask Include="Assets\modelData\bill01.FBX" />
    <MeshContentTask Include="Assets\modelData\EnemyBullet.FBX" />
    <MeshContentTask Include="Assets\modelData\sora.FBX" />
    <MeshContentTask Include="Assets\modelData\sora_2.fbx" />
    <MeshContentTask Include="Assets\modelData\bill02.FBX" />
    <MeshContentTask Include="Assets\modelData\Mine.FBX" />
    <MeshContentTask Include="Assets\modelData\hole.FBX" />
    <MeshContentTask Include="Assets\modelData\TargetSight01.FBX" />
    <MeshContentTask Include="Assets\modelData\road_rong.FBX" />
    <MeshContentTask Include="Assets\modelData\stage_base01_short.FBX" />
    <MeshContentTask Include="Assets\modelData\FlyEnemy.FBX" />
    <MeshContentTask Include="Assets\modelData\Heliport.FBX" />
    <MeshContentTask Include="Assets\modelData\Heliport_bill.FBX" />
    <MeshContentTask Include="Assets\modelData\stage_base_sand.FBX" />
    <MeshContentTask Include="Assets\modelData\stage_01.fbx" />
    <MeshContentTask Include="Assets\modelData\stage_02.fbx" />
    <MeshContentTask Include="Assets\modelData\stage_03.fbx" />
    <MeshContentTask Include="Assets\modelData\EnemyBoss.FBX" />
    <MeshContentTask Include="Assets\modelData\EnemyMissile.FBX" />
    <MeshContentTask Include="Assets\modelData\GroundingLauncher.FBX" />
    <MeshContentTask Include="Assets\modelData\Player_Robo_1.FBX" />
  </ItemGroup>
  <ItemGroup>
    <None Include="Assets\level\stage_01.tkl">
      <Filter>Assets\level</Filter>
    </None>
    <None Include="Assets\level\stage_02.tkl">
      <Filter>Assets\level</Filter>
    </None>
    <None Include="Assets\level\level01.tkl" />
    <None Include="Assets\level\level01_proto.tkl" />
    <None Include="Assets\level\level01_proto02.tkl" />
    <None Include="Assets\level\stage_03.tkl" />
    <None Include="Assets\level\stage_00.tkl" />
    <None Include="Assets\animData\Player_walk_1.tka" />
  </ItemGroup>
  <ItemGroup>
    <ImageContentTask Include="Assets\modelData\utc_nomal.tga" />
    <ImageContentTask Include="Assets\sprite\bullet.png">
      <Filter>Assets\sprite</Filter>
    </ImageContentTask>
    <ImageContentTask Include="Assets\sprite\konkurito.jpg">
      <Filter>Assets\sprite</Filter>
    </ImageContentTask>
    <ImageContentTask Include="Assets\sprite\gauge_frame.png" />
    <ImageContentTask Include="Assets\sprite\gauge_meter.png" />
    <ImageContentTask Include="Assets\sprite\Normal_TargetSight.png" />
    <ImageContentTask Include="Assets\sprite\Energy_frame.png" />
    <ImageContentTask Include="Assets\sprite\Energy_meter.png" />
    <ImageContentTask Include="Assets\sprite\Missile_TargetSight.png" />
    <ImageContentTask Include="Assets\sprite\TitleBase.png" />
    <ImageContentTask Include="Assets\sprite\Title01.png" />
    <ImageContentTask Include="Assets\sprite\Title02.png" />
    <ImageContentTask Include="Assets\sprite\backgrounds_01.png" />
    <ImageContentTask Include="Assets\sprite\stage_select.png" />
  </ItemGroup>
  <ItemGroup>
    <CustomBuild Include="Assets\sound\landing.wav" />
    <CustomBuild Include="Assets\sound\move.wav" />
    <CustomBuild Include="Assets\sound\se_lockon_1.wav" />
    <CustomBuild Include="Assets\sound\JumpSE.wav" />
    <CustomBuild Include="Assets\animData\LauncherHatch_Close.tka" />
    <CustomBuild Include="Assets\animData\LauncherHatch_Open.tka" />
    <CustomBuild Include="Assets\animData\Player_walk.tka" />
    <CustomBuild Include="Assets\animData\Player_idle.tka" />
    <CustomBuild Include="Assets\animData\Player_idle_1.tka" />
    <CustomBuild Include="Assets\animData\Player_boost.tka" />
  </ItemGroup>
</Project>