<?xml version="1.0" encoding="utf-8"?>
<Project ToolsVersion="4.0" xmlns="http://schemas.microsoft.com/developer/msbuild/2003">
  <ItemGroup>
    <Filter Include="リソース ファイル">
      <UniqueIdentifier>{67DA6AB6-F800-4c08-8B7A-83BB121AAD01}</UniqueIdentifier>
      <Extensions>rc;ico;cur;bmp;dlg;rc2;rct;bin;rgs;gif;jpg;jpeg;jpe;resx;tiff;tif;png;wav;mfcribbon-ms</Extensions>
    </Filter>
    <Filter Include="character">
      <UniqueIdentifier>{6abf61b4-9dbf-44a7-818a-cdb16e1f398a}</UniqueIdentifier>
    </Filter>
    <Filter Include="graphics">
      <UniqueIdentifier>{aae7ddbd-a211-4b6f-8958-758c0dd27ad6}</UniqueIdentifier>
    </Filter>
    <Filter Include="graphics\animation">
      <UniqueIdentifier>{474ae40e-486c-47a7-bd1f-f63c5c65042b}</UniqueIdentifier>
    </Filter>
    <Filter Include="HID">
      <UniqueIdentifier>{51df40fe-7433-4afc-973b-2e36859f6a63}</UniqueIdentifier>
    </Filter>
    <Filter Include="level">
      <UniqueIdentifier>{faa67fc5-aaee-40a0-a231-4528f8b3a850}</UniqueIdentifier>
    </Filter>
    <Filter Include="math">
      <UniqueIdentifier>{b892602c-9b10-4d58-bfa5-7d9c0e5f5c69}</UniqueIdentifier>
    </Filter>
    <Filter Include="physics">
      <UniqueIdentifier>{9e7913eb-810e-4e62-8e36-9194aed7d1ee}</UniqueIdentifier>
    </Filter>
    <Filter Include="system">
      <UniqueIdentifier>{2a8cbc04-2482-4333-b5f1-1fc888f53308}</UniqueIdentifier>
    </Filter>
    <Filter Include="timer">
      <UniqueIdentifier>{67f948e2-5c1f-474d-b6e5-0b48c51d0e04}</UniqueIdentifier>
    </Filter>
    <Filter Include="GameObject">
      <UniqueIdentifier>{adc8f499-046e-4415-8c69-8e54cbd30026}</UniqueIdentifier>
    </Filter>
  </ItemGroup>
  <ItemGroup>
    <ClInclude Include="stdafx.h" />
    <ClInclude Include="targetver.h" />
    <ClInclude Include="math\kMath.h">
      <Filter>math</Filter>
    </ClInclude>
    <ClInclude Include="math\Matrix.h">
      <Filter>math</Filter>
    </ClInclude>
    <ClInclude Include="math\Vector.h">
      <Filter>math</Filter>
    </ClInclude>
    <ClInclude Include="physics\CapsuleCollider.h">
      <Filter>physics</Filter>
    </ClInclude>
    <ClInclude Include="physics\CollisionAttr.h">
      <Filter>physics</Filter>
    </ClInclude>
    <ClInclude Include="physics\ICollider.h">
      <Filter>physics</Filter>
    </ClInclude>
    <ClInclude Include="physics\MeshCollider.h">
      <Filter>physics</Filter>
    </ClInclude>
    <ClInclude Include="physics\Physics.h">
      <Filter>physics</Filter>
    </ClInclude>
    <ClInclude Include="physics\PhysicsStaticObject.h">
      <Filter>physics</Filter>
    </ClInclude>
    <ClInclude Include="physics\RigidBody.h">
      <Filter>physics</Filter>
    </ClInclude>
    <ClInclude Include="system\system.h">
      <Filter>system</Filter>
    </ClInclude>
    <ClInclude Include="level\Level.h">
      <Filter>level</Filter>
    </ClInclude>
    <ClInclude Include="level\MapChip.h">
      <Filter>level</Filter>
    </ClInclude>
    <ClInclude Include="HID\Pad.h">
      <Filter>HID</Filter>
    </ClInclude>
    <ClInclude Include="graphics\Camera.h">
      <Filter>graphics</Filter>
    </ClInclude>
    <ClInclude Include="graphics\GraphicsEngine.h">
      <Filter>graphics</Filter>
    </ClInclude>
    <ClInclude Include="graphics\Shader.h">
      <Filter>graphics</Filter>
    </ClInclude>
    <ClInclude Include="graphics\ShaderResources.h">
      <Filter>graphics</Filter>
    </ClInclude>
    <ClInclude Include="graphics\Skeleton.h">
      <Filter>graphics</Filter>
    </ClInclude>
    <ClInclude Include="graphics\SkinModel.h">
      <Filter>graphics</Filter>
    </ClInclude>
    <ClInclude Include="graphics\SkinModelDataManager.h">
      <Filter>graphics</Filter>
    </ClInclude>
    <ClInclude Include="graphics\SkinModelEffect.h">
      <Filter>graphics</Filter>
    </ClInclude>
    <ClInclude Include="graphics\SkinModelShaderConst.h">
      <Filter>graphics</Filter>
    </ClInclude>
    <ClInclude Include="graphics\animation\animation.h">
      <Filter>graphics\animation</Filter>
    </ClInclude>
    <ClInclude Include="graphics\animation\AnimationClip.h">
      <Filter>graphics\animation</Filter>
    </ClInclude>
    <ClInclude Include="graphics\animation\AnimationPlayController.h">
      <Filter>graphics\animation</Filter>
    </ClInclude>
    <ClInclude Include="character\CharacterController.h">
      <Filter>character</Filter>
    </ClInclude>
    <ClInclude Include="timer\Stopwatch.h">
      <Filter>timer</Filter>
    </ClInclude>
    <ClInclude Include="timer\GameTime.h">
      <Filter>timer</Filter>
    </ClInclude>
    <ClInclude Include="policy\Noncopyable.h" />
    <ClInclude Include="policy\ScopedResource.h" />
    <ClInclude Include="util\Util.h" />
    <ClInclude Include="util\NameKey.h" />
    <ClInclude Include="GameObject\GameObject.h">
      <Filter>GameObject</Filter>
    </ClInclude>
    <ClInclude Include="GameObject\GameObjectManager.h">
      <Filter>GameObject</Filter>
    </ClInclude>
    <ClInclude Include="GameObject\Transform.h">
      <Filter>GameObject</Filter>
    </ClInclude>
    <ClInclude Include="util\LocData.h" />
    <ClInclude Include="graphics\RenderContext.h" />
    <ClInclude Include="YTEngine.h" />
    <ClInclude Include="YTEngineStruct.h" />
    <ClInclude Include="RenderTarget.h">
      <Filter>graphics</Filter>
    </ClInclude>
    <ClInclude Include="ShadowMap.h">
      <Filter>graphics</Filter>
    </ClInclude>
    <ClInclude Include="Sprite.h" />
    <ClInclude Include="ConstantBufferGPU.h">
      <Filter>graphics</Filter>
    </ClInclude>
    <ClInclude Include="PostEffect.h">
      <Filter>graphics</Filter>
    </ClInclude>
    <ClInclude Include="Bloom.h">
      <Filter>graphics</Filter>
    </ClInclude>
    <ClInclude Include="GaussianBlur.h">
      <Filter>graphics</Filter>
    </ClInclude>
    <ClInclude Include="character\BulletController.h" />
    <ClInclude Include="physics\SphereCollider.h" />
    <ClInclude Include="sound\WaveFile.h" />
    <ClInclude Include="sound\WaveFileBank.h" />
    <ClInclude Include="sound\SoundEngine.h" />
    <ClInclude Include="sound\SoundSource.h" />
    <ClInclude Include="character\EnemyController.h" />
  </ItemGroup>
  <ItemGroup>
    <ClCompile Include="stdafx.cpp" />
    <ClCompile Include="YTEngine.cpp" />
    <ClCompile Include="math\kMath.cpp">
      <Filter>math</Filter>
    </ClCompile>
    <ClCompile Include="math\Matrix.cpp">
      <Filter>math</Filter>
    </ClCompile>
    <ClCompile Include="math\Vector.cpp">
      <Filter>math</Filter>
    </ClCompile>
    <ClCompile Include="physics\CapsuleCollider.cpp">
      <Filter>physics</Filter>
    </ClCompile>
    <ClCompile Include="physics\MeshCollider.cpp">
      <Filter>physics</Filter>
    </ClCompile>
    <ClCompile Include="physics\Physics.cpp">
      <Filter>physics</Filter>
    </ClCompile>
    <ClCompile Include="physics\PhysicsStaticObject.cpp">
      <Filter>physics</Filter>
    </ClCompile>
    <ClCompile Include="physics\RigidBody.cpp">
      <Filter>physics</Filter>
    </ClCompile>
    <ClCompile Include="system\system.cpp">
      <Filter>system</Filter>
    </ClCompile>
    <ClCompile Include="level\Level.cpp">
      <Filter>level</Filter>
    </ClCompile>
    <ClCompile Include="level\MapChip.cpp">
      <Filter>level</Filter>
    </ClCompile>
    <ClCompile Include="HID\Pad.cpp">
      <Filter>HID</Filter>
    </ClCompile>
    <ClCompile Include="graphics\Camera.cpp">
      <Filter>graphics</Filter>
    </ClCompile>
    <ClCompile Include="graphics\GraphicsEngine.cpp">
      <Filter>graphics</Filter>
    </ClCompile>
    <ClCompile Include="graphics\Shader.cpp">
      <Filter>graphics</Filter>
    </ClCompile>
    <ClCompile Include="graphics\ShaderResources.cpp">
      <Filter>graphics</Filter>
    </ClCompile>
    <ClCompile Include="graphics\Skeleton.cpp">
      <Filter>graphics</Filter>
    </ClCompile>
    <ClCompile Include="graphics\SkinModel.cpp">
      <Filter>graphics</Filter>
    </ClCompile>
    <ClCompile Include="graphics\SkinModelDataManager.cpp">
      <Filter>graphics</Filter>
    </ClCompile>
    <ClCompile Include="graphics\SkinModelEffect.cpp">
      <Filter>graphics</Filter>
    </ClCompile>
    <ClCompile Include="graphics\animation\animation.cpp">
      <Filter>graphics\animation</Filter>
    </ClCompile>
    <ClCompile Include="graphics\animation\AnimationClip.cpp">
      <Filter>graphics\animation</Filter>
    </ClCompile>
    <ClCompile Include="graphics\animation\AnimationPlayController.cpp">
      <Filter>graphics\animation</Filter>
    </ClCompile>
    <ClCompile Include="character\CharacterController.cpp">
      <Filter>character</Filter>
    </ClCompile>
    <ClCompile Include="GameObject\GameObject.cpp">
      <Filter>GameObject</Filter>
    </ClCompile>
    <ClCompile Include="GameObject\GameObjectManager.cpp">
      <Filter>GameObject</Filter>
    </ClCompile>
    <ClCompile Include="GameObject\Transform.cpp">
      <Filter>GameObject</Filter>
    </ClCompile>
    <ClCompile Include="graphics\RenderContext.cpp" />
    <ClCompile Include="RenderTarget.cpp">
      <Filter>graphics</Filter>
    </ClCompile>
    <ClCompile Include="ShadowMap.cpp">
      <Filter>graphics</Filter>
    </ClCompile>
    <ClCompile Include="Sprite.cpp" />
    <ClCompile Include="ConstantBufferGPU.cpp">
      <Filter>graphics</Filter>
    </ClCompile>
    <ClCompile Include="PostEffect.cpp">
      <Filter>graphics</Filter>
    </ClCompile>
    <ClCompile Include="Bloom.cpp">
      <Filter>graphics</Filter>
    </ClCompile>
    <ClCompile Include="GaussianBlur.cpp">
      <Filter>graphics</Filter>
    </ClCompile>
    <ClCompile Include="character\BulletController.cpp" />
    <ClCompile Include="physics\SphereCollider.cpp" />
    <ClCompile Include="sound\WaveFile.cpp" />
    <ClCompile Include="sound\WaveFileBank.cpp" />
    <ClCompile Include="sound\SoundEngine.cpp" />
    <ClCompile Include="sound\SoundSource.cpp" />
    <ClCompile Include="character\EnemyController.cpp" />
  </ItemGroup>
</Project>